
Microsoft Visual Studio Solution File, Format Version 12.00
# Visual Studio Version 17
VisualStudioVersion = 17.5.002.0
MinimumVisualStudioVersion = 10.0.40219.1
Project("{2150E333-8FDC-42A3-9474-1A3956D46DE8}") = "src", "src", "{DC3FDF14-64DE-4156-ABBE-AFF2ECAFE237}"
EndProject
Project("{9A19103F-16F7-4668-BE54-9A1E7A4F7556}") = "Library", "src\Library\Library.csproj", "{7688976C-75E6-48E7-8C34-79568196488E}"
EndProject
Project("{9A19103F-16F7-4668-BE54-9A1E7A4F7556}") = "Program", "src\Program\Program.csproj", "{43010353-911D-45F0-AA83-CF0CFE87EC66}"
EndProject
Global
	GlobalSection(SolutionConfigurationPlatforms) = preSolution
		Debug|Any CPU = Debug|Any CPU
		Release|Any CPU = Release|Any CPU
	EndGlobalSection
	GlobalSection(ProjectConfigurationPlatforms) = postSolution
		{7688976C-75E6-48E7-8C34-79568196488E}.Debug|Any CPU.ActiveCfg = Debug|Any CPU
		{7688976C-75E6-48E7-8C34-79568196488E}.Debug|Any CPU.Build.0 = Debug|Any CPU
		{7688976C-75E6-48E7-8C34-79568196488E}.Release|Any CPU.ActiveCfg = Release|Any CPU
		{7688976C-75E6-48E7-8C34-79568196488E}.Release|Any CPU.Build.0 = Release|Any CPU
		{43010353-911D-45F0-AA83-CF0CFE87EC66}.Debug|Any CPU.ActiveCfg = Debug|Any CPU
		{43010353-911D-45F0-AA83-CF0CFE87EC66}.Debug|Any CPU.Build.0 = Debug|Any CPU
		{43010353-911D-45F0-AA83-CF0CFE87EC66}.Release|Any CPU.ActiveCfg = Release|Any CPU
		{43010353-911D-45F0-AA83-CF0CFE87EC66}.Release|Any CPU.Build.0 = Release|Any CPU
	EndGlobalSection
	GlobalSection(SolutionProperties) = preSolution
		HideSolutionNode = FALSE
	EndGlobalSection
	GlobalSection(NestedProjects) = preSolution
		{7688976C-75E6-48E7-8C34-79568196488E} = {DC3FDF14-64DE-4156-ABBE-AFF2ECAFE237}
		{43010353-911D-45F0-AA83-CF0CFE87EC66} = {DC3FDF14-64DE-4156-ABBE-AFF2ECAFE237}
	EndGlobalSection
	GlobalSection(ExtensibilityGlobals) = postSolution
		SolutionGuid = {F20E76EE-592F-498E-971A-60D70DA5A3C3}
	EndGlobalSection
EndGlobal
